
Microsoft Visual Studio Solution File, Format Version 12.00
# Visual Studio 14
VisualStudioVersion = 14.0.25420.1
MinimumVisualStudioVersion = 10.0.40219.1
Project("{FAE04EC0-301F-11D3-BF4B-00C04F79EFBC}") = "HonasProtractor", "HonasProtractor\HonasProtractor.csproj", "{EA55B83A-EC1C-4B84-A56F-937775CA49B7}"
EndProject
Project("{54435603-DBB4-11D2-8724-00A0C9A8B90C}") = "HonasProtractorSetup", "HonasProtractorSetup\HonasProtractorSetup.vdproj", "{17B81C8A-6BFE-4857-B3BA-B8A35EB28E8A}"
EndProject
Global
	GlobalSection(SolutionConfigurationPlatforms) = preSolution
		Debug|Any CPU = Debug|Any CPU
		Release|Any CPU = Release|Any CPU
	EndGlobalSection
	GlobalSection(ProjectConfigurationPlatforms) = postSolution
		{EA55B83A-EC1C-4B84-A56F-937775CA49B7}.Debug|Any CPU.ActiveCfg = Debug|Any CPU
		{EA55B83A-EC1C-4B84-A56F-937775CA49B7}.Debug|Any CPU.Build.0 = Debug|Any CPU
		{EA55B83A-EC1C-4B84-A56F-937775CA49B7}.Release|Any CPU.ActiveCfg = Release|Any CPU
		{EA55B83A-EC1C-4B84-A56F-937775CA49B7}.Release|Any CPU.Build.0 = Release|Any CPU
		{17B81C8A-6BFE-4857-B3BA-B8A35EB28E8A}.Debug|Any CPU.ActiveCfg = Debug
		{17B81C8A-6BFE-4857-B3BA-B8A35EB28E8A}.Release|Any CPU.ActiveCfg = Release
	EndGlobalSection
	GlobalSection(SolutionProperties) = preSolution
		HideSolutionNode = FALSE
	EndGlobalSection
EndGlobal
